{
  "name": "highland-object-walker",
  "version": "0.0.1",
  "lockfileVersion": 1,
  "requires": true,
  "dependencies": {
    "highland": {
      "version": "2.12.0",
      "resolved": "https://registry.npmjs.org/highland/-/highland-2.12.0.tgz",
      "integrity": "sha512-B7egkVpbhfKefw+lzKSYH/pYe3BR1AySa7fpkhfUReqpDO07jfs3S2vHr0JmvxUAl+DOpZbuiEPkIE2fCeB6zQ==",
      "requires": {
        "util-deprecate": "1.0.2"
      }
    },
    "ramda": {
      "version": "0.25.0",
      "resolved": "https://registry.npmjs.org/ramda/-/ramda-0.25.0.tgz",
      "integrity": "sha512-GXpfrYVPwx3K7RQ6aYT8KPS8XViSXUVJT1ONhoKPE9VAleW42YE+U+8VEyGWt41EnEQW7gwecYJriTI0pKoecQ=="
    },
    "util-deprecate": {
      "version": "1.0.2",
      "resolved": "https://registry.npmjs.org/util-deprecate/-/util-deprecate-1.0.2.tgz",
      "integrity": "sha1-RQ1Nyfpw3nMnYvvS1KKJgUGaDM8="
    }
  }
}
